
Microsoft Visual Studio Solution File, Format Version 12.00
Project("{FAE04EC0-301F-11D3-BF4B-00C04F79EFBC}") = "bt-meter-collector", "bt-meter-collector\bt-meter-collector.csproj", "{B9FF7B9C-036F-4B45-911D-F82D090079EC}"
EndProject
Project("{FAE04EC0-301F-11D3-BF4B-00C04F79EFBC}") = "ha-device-registrar", "ha-device-registrar\ha-device-registrar.csproj", "{C2A1D3F8-045E-4B2A-9F1E-7A3D56B28C4F}"
EndProject
Project("{FAE04EC0-301F-11D3-BF4B-00C04F79EFBC}") = "hitachi-yutaki-2016-mqtt-gateway", "hitachi-yutaki-2016-mqtt-gateway\hitachi-yutaki-2016-mqtt-gateway.csproj", "{A1B2C3D4-E5F6-7890-ABCD-EF1234567890}"
EndProject
Project("{FAE04EC0-301F-11D3-BF4B-00C04F79EFBC}") = "mqtt-timescale-consumer", "mqtt-timescale-consumer\mqtt-timescale-consumer.csproj", "{F88CEDBF-C96D-4202-8A2E-9A9563561825}"
EndProject
Project("{FAE04EC0-301F-11D3-BF4B-00C04F79EFBC}") = "energy-spectrum-collector", "energy-spectrum-collector\energy-spectrum-collector.csproj", "{81FEAFB0-9D52-4FBD-BA29-6FE2E4734C43}"
EndProject
Global
	GlobalSection(SolutionConfigurationPlatforms) = preSolution
		Debug|Any CPU = Debug|Any CPU
		Debug|x64 = Debug|x64
		Debug|x86 = Debug|x86
		Release|Any CPU = Release|Any CPU
		Release|x64 = Release|x64
		Release|x86 = Release|x86
	EndGlobalSection
	GlobalSection(ProjectConfigurationPlatforms) = postSolution
		{B9FF7B9C-036F-4B45-911D-F82D090079EC}.Debug|Any CPU.ActiveCfg = Debug|Any CPU
		{B9FF7B9C-036F-4B45-911D-F82D090079EC}.Debug|Any CPU.Build.0 = Debug|Any CPU
		{B9FF7B9C-036F-4B45-911D-F82D090079EC}.Debug|x64.ActiveCfg = Debug|Any CPU
		{B9FF7B9C-036F-4B45-911D-F82D090079EC}.Debug|x64.Build.0 = Debug|Any CPU
		{B9FF7B9C-036F-4B45-911D-F82D090079EC}.Debug|x86.ActiveCfg = Debug|Any CPU
		{B9FF7B9C-036F-4B45-911D-F82D090079EC}.Debug|x86.Build.0 = Debug|Any CPU
		{B9FF7B9C-036F-4B45-911D-F82D090079EC}.Release|Any CPU.ActiveCfg = Release|Any CPU
		{B9FF7B9C-036F-4B45-911D-F82D090079EC}.Release|Any CPU.Build.0 = Release|Any CPU
		{B9FF7B9C-036F-4B45-911D-F82D090079EC}.Release|x64.ActiveCfg = Release|Any CPU
		{B9FF7B9C-036F-4B45-911D-F82D090079EC}.Release|x64.Build.0 = Release|Any CPU
		{B9FF7B9C-036F-4B45-911D-F82D090079EC}.Release|x86.ActiveCfg = Release|Any CPU
		{B9FF7B9C-036F-4B45-911D-F82D090079EC}.Release|x86.Build.0 = Release|Any CPU
		{C2A1D3F8-045E-4B2A-9F1E-7A3D56B28C4F}.Debug|Any CPU.ActiveCfg = Debug|Any CPU
		{C2A1D3F8-045E-4B2A-9F1E-7A3D56B28C4F}.Debug|Any CPU.Build.0 = Debug|Any CPU
		{C2A1D3F8-045E-4B2A-9F1E-7A3D56B28C4F}.Debug|x64.ActiveCfg = Debug|Any CPU
		{C2A1D3F8-045E-4B2A-9F1E-7A3D56B28C4F}.Debug|x64.Build.0 = Debug|Any CPU
		{C2A1D3F8-045E-4B2A-9F1E-7A3D56B28C4F}.Debug|x86.ActiveCfg = Debug|Any CPU
		{C2A1D3F8-045E-4B2A-9F1E-7A3D56B28C4F}.Debug|x86.Build.0 = Debug|Any CPU
		{C2A1D3F8-045E-4B2A-9F1E-7A3D56B28C4F}.Release|Any CPU.ActiveCfg = Release|Any CPU
		{C2A1D3F8-045E-4B2A-9F1E-7A3D56B28C4F}.Release|Any CPU.Build.0 = Release|Any CPU
		{C2A1D3F8-045E-4B2A-9F1E-7A3D56B28C4F}.Release|x64.ActiveCfg = Release|Any CPU
		{C2A1D3F8-045E-4B2A-9F1E-7A3D56B28C4F}.Release|x64.Build.0 = Release|Any CPU
		{C2A1D3F8-045E-4B2A-9F1E-7A3D56B28C4F}.Release|x86.ActiveCfg = Release|Any CPU
		{C2A1D3F8-045E-4B2A-9F1E-7A3D56B28C4F}.Release|x86.Build.0 = Release|Any CPU
		{A1B2C3D4-E5F6-7890-ABCD-EF1234567890}.Debug|Any CPU.ActiveCfg = Debug|Any CPU
		{A1B2C3D4-E5F6-7890-ABCD-EF1234567890}.Debug|Any CPU.Build.0 = Debug|Any CPU
		{A1B2C3D4-E5F6-7890-ABCD-EF1234567890}.Debug|x64.ActiveCfg = Debug|Any CPU
		{A1B2C3D4-E5F6-7890-ABCD-EF1234567890}.Debug|x64.Build.0 = Debug|Any CPU
		{A1B2C3D4-E5F6-7890-ABCD-EF1234567890}.Debug|x86.ActiveCfg = Debug|Any CPU
		{A1B2C3D4-E5F6-7890-ABCD-EF1234567890}.Debug|x86.Build.0 = Debug|Any CPU
		{A1B2C3D4-E5F6-7890-ABCD-EF1234567890}.Release|Any CPU.ActiveCfg = Release|Any CPU
		{A1B2C3D4-E5F6-7890-ABCD-EF1234567890}.Release|Any CPU.Build.0 = Release|Any CPU
		{A1B2C3D4-E5F6-7890-ABCD-EF1234567890}.Release|x64.ActiveCfg = Release|Any CPU
		{A1B2C3D4-E5F6-7890-ABCD-EF1234567890}.Release|x64.Build.0 = Release|Any CPU
		{A1B2C3D4-E5F6-7890-ABCD-EF1234567890}.Release|x86.ActiveCfg = Release|Any CPU
		{A1B2C3D4-E5F6-7890-ABCD-EF1234567890}.Release|x86.Build.0 = Release|Any CPU
		{F88CEDBF-C96D-4202-8A2E-9A9563561825}.Debug|Any CPU.ActiveCfg = Debug|Any CPU
		{F88CEDBF-C96D-4202-8A2E-9A9563561825}.Debug|Any CPU.Build.0 = Debug|Any CPU
		{F88CEDBF-C96D-4202-8A2E-9A9563561825}.Debug|x64.ActiveCfg = Debug|Any CPU
		{F88CEDBF-C96D-4202-8A2E-9A9563561825}.Debug|x64.Build.0 = Debug|Any CPU
		{F88CEDBF-C96D-4202-8A2E-9A9563561825}.Debug|x86.ActiveCfg = Debug|Any CPU
		{F88CEDBF-C96D-4202-8A2E-9A9563561825}.Debug|x86.Build.0 = Debug|Any CPU
		{F88CEDBF-C96D-4202-8A2E-9A9563561825}.Release|Any CPU.ActiveCfg = Release|Any CPU
		{F88CEDBF-C96D-4202-8A2E-9A9563561825}.Release|Any CPU.Build.0 = Release|Any CPU
		{F88CEDBF-C96D-4202-8A2E-9A9563561825}.Release|x64.ActiveCfg = Release|Any CPU
		{F88CEDBF-C96D-4202-8A2E-9A9563561825}.Release|x64.Build.0 = Release|Any CPU
		{F88CEDBF-C96D-4202-8A2E-9A9563561825}.Release|x86.ActiveCfg = Release|Any CPU
		{F88CEDBF-C96D-4202-8A2E-9A9563561825}.Release|x86.Build.0 = Release|Any CPU
		{81FEAFB0-9D52-4FBD-BA29-6FE2E4734C43}.Debug|Any CPU.ActiveCfg = Debug|Any CPU
		{81FEAFB0-9D52-4FBD-BA29-6FE2E4734C43}.Debug|Any CPU.Build.0 = Debug|Any CPU
		{81FEAFB0-9D52-4FBD-BA29-6FE2E4734C43}.Debug|x64.ActiveCfg = Debug|Any CPU
		{81FEAFB0-9D52-4FBD-BA29-6FE2E4734C43}.Debug|x64.Build.0 = Debug|Any CPU
		{81FEAFB0-9D52-4FBD-BA29-6FE2E4734C43}.Debug|x86.ActiveCfg = Debug|Any CPU
		{81FEAFB0-9D52-4FBD-BA29-6FE2E4734C43}.Debug|x86.Build.0 = Debug|Any CPU
		{81FEAFB0-9D52-4FBD-BA29-6FE2E4734C43}.Release|Any CPU.ActiveCfg = Release|Any CPU
		{81FEAFB0-9D52-4FBD-BA29-6FE2E4734C43}.Release|Any CPU.Build.0 = Release|Any CPU
		{81FEAFB0-9D52-4FBD-BA29-6FE2E4734C43}.Release|x64.ActiveCfg = Release|Any CPU
		{81FEAFB0-9D52-4FBD-BA29-6FE2E4734C43}.Release|x64.Build.0 = Release|Any CPU
		{81FEAFB0-9D52-4FBD-BA29-6FE2E4734C43}.Release|x86.ActiveCfg = Release|Any CPU
		{81FEAFB0-9D52-4FBD-BA29-6FE2E4734C43}.Release|x86.Build.0 = Release|Any CPU
	EndGlobalSection
	GlobalSection(SolutionProperties) = preSolution
		HideSolutionNode = FALSE
	EndGlobalSection
EndGlobal
